{
  "name": "pi-omp-tools",
  "lockfileVersion": 3,
  "requires": true,
  "packages": {
    "": {
      "name": "pi-omp-tools",
      "license": "MIT",
      "workspaces": [
        "packages/*"
      ],
      "devDependencies": {
        "@types/node": "^24.0.0",
        "typescript": "^5.7.0"
      }
    },
    "node_modules/@ast-grep/lang-c": {
      "version": "0.0.5",
      "resolved": "https://registry.npmjs.org/@ast-grep/lang-c/-/lang-c-0.0.5.tgz",
      "integrity": "sha512-UNIPbUehaIZEQ3ALQ/A3Aia1VqF9/B27j1s82DP+A1Z5yQiuZWSCZGJh+hVnUzI+J/JDOTi7BIkdXqU1F74W0g==",
      "hasInstallScript": true,
      "license": "ISC",
      "optional": true,
      "dependencies": {
        "@ast-grep/setup-lang": "0.0.6"
      },
      "peerDependencies": {
        "tree-sitter-cli": "0.25.8"
      },
      "peerDependenciesMeta": {
        "tree-sitter-cli": {
          "optional": true
        }
      }
    },
    "node_modules/@ast-grep/lang-cpp": {
      "version": "0.0.5",
      "resolved": "https://registry.npmjs.org/@ast-grep/lang-cpp/-/lang-cpp-0.0.5.tgz",
      "integrity": "sha512-d/rabxd0bmYNvi8a3VL7w4XRw1IP7L7uzAWV7OUJ77pc6hHioqKgF/f7f4cxPK/3C3jz54QvjD9rKh/C+iQJ6A==",
      "hasInstallScript": true,
      "license": "ISC",
      "optional": true,
      "dependencies": {
        "@ast-grep/setup-lang": "0.0.6"
      },
      "peerDependencies": {
        "tree-sitter-cli": "0.25.8"
      },
      "peerDependenciesMeta": {
        "tree-sitter-cli": {
          "optional": true
        }
      }
    },
    "node_modules/@ast-grep/lang-go": {
      "version": "0.0.5",
      "resolved": "https://registry.npmjs.org/@ast-grep/lang-go/-/lang-go-0.0.5.tgz",
      "integrity": "sha512-rPrTHtT2wDmyAi8tXe3xb3T94GrdXUwynt97l2AIULviQjEjzrewscUO3n0WkwQBuiKU78CDx+27PsmsykUlPQ==",
      "hasInstallScript": true,
      "license": "ISC",
      "optional": true,
      "dependencies": {
        "@ast-grep/setup-lang": "0.0.6"
      },
      "peerDependencies": {
        "tree-sitter-cli": "0.25.8"
      },
      "peerDependenciesMeta": {
        "tree-sitter-cli": {
          "optional": true
        }
      }
    },
    "node_modules/@ast-grep/lang-java": {
      "version": "0.0.5",
      "resolved": "https://registry.npmjs.org/@ast-grep/lang-java/-/lang-java-0.0.5.tgz",
      "integrity": "sha512-3Uee38jCnYU6jHV037SZB0iyLY5ojlkdtg8N1oEA5haVQe0I8d/XVXaRmgVOBT3/+XuMb8fYqxIvP8+uU6KPRg==",
      "hasInstallScript": true,
      "license": "ISC",
      "optional": true,
      "dependencies": {
        "@ast-grep/setup-lang": "0.0.5"
      },
      "peerDependencies": {
        "tree-sitter-cli": "0.25.8"
      },
      "peerDependenciesMeta": {
        "tree-sitter-cli": {
          "optional": true
        }
      }
    },
    "node_modules/@ast-grep/lang-java/node_modules/@ast-grep/setup-lang": {
      "version": "0.0.5",
      "resolved": "https://registry.npmjs.org/@ast-grep/setup-lang/-/setup-lang-0.0.5.tgz",
      "integrity": "sha512-DQdS6xaNtkqbrw6vblY2vOzfYCIj12261IE0e9pG3lx5ll+hFaXH+01UXXPkhMVHX6AGMrwVCzawEmFmko/DIQ==",
      "license": "ISC",
      "optional": true
    },
    "node_modules/@ast-grep/lang-json": {
      "version": "0.0.5",
      "resolved": "https://registry.npmjs.org/@ast-grep/lang-json/-/lang-json-0.0.5.tgz",
      "integrity": "sha512-pA+QNncxNFIGzL1VIqZCYTkOIcdNInOr+z37/ch31qvFjxyOsvkQkgjeQLKHkYfN+1bF7m5AZS6aE1CvG2dZjw==",
      "hasInstallScript": true,
      "license": "ISC",
      "optional": true,
      "dependencies": {
        "@ast-grep/setup-lang": "0.0.5"
      },
      "peerDependencies": {
        "tree-sitter-cli": "0.25.8"
      },
      "peerDependenciesMeta": {
        "tree-sitter-cli": {
          "optional": true
        }
      }
    },
    "node_modules/@ast-grep/lang-json/node_modules/@ast-grep/setup-lang": {
      "version": "0.0.5",
      "resolved": "https://registry.npmjs.org/@ast-grep/setup-lang/-/setup-lang-0.0.5.tgz",
      "integrity": "sha512-DQdS6xaNtkqbrw6vblY2vOzfYCIj12261IE0e9pG3lx5ll+hFaXH+01UXXPkhMVHX6AGMrwVCzawEmFmko/DIQ==",
      "license": "ISC",
      "optional": true
    },
    "node_modules/@ast-grep/lang-python": {
      "version": "0.0.5",
      "resolved": "https://registry.npmjs.org/@ast-grep/lang-python/-/lang-python-0.0.5.tgz",
      "integrity": "sha512-gbNwaCPvuyZFEG4y6zwylLRLsh1DWiOeLeZ/aWOlYRR0nxoXimuMPank6psT88rijnD6esBLWhFq6kkFhndzjQ==",
      "hasInstallScript": true,
      "license": "ISC",
      "optional": true,
      "dependencies": {
        "@ast-grep/setup-lang": "0.0.6"
      },
      "peerDependencies": {
        "tree-sitter-cli": "0.25.8"
      },
      "peerDependenciesMeta": {
        "tree-sitter-cli": {
          "optional": true
        }
      }
    },
    "node_modules/@ast-grep/lang-rust": {
      "version": "0.0.5",
      "resolved": "https://registry.npmjs.org/@ast-grep/lang-rust/-/lang-rust-0.0.5.tgz",
      "integrity": "sha512-CX1ALQR9F5Ct8vbUP284jW3wfmmBaCsvEx3hECCxqPk3mwUfQgEbgOFRZq61FpHL55U0INu6nOxJOqm87X5ARg==",
      "hasInstallScript": true,
      "license": "ISC",
      "optional": true,
      "dependencies": {
        "@ast-grep/setup-lang": "0.0.5"
      },
      "peerDependencies": {
        "tree-sitter-cli": "0.25.8"
      },
      "peerDependenciesMeta": {
        "tree-sitter-cli": {
          "optional": true
        }
      }
    },
    "node_modules/@ast-grep/lang-rust/node_modules/@ast-grep/setup-lang": {
      "version": "0.0.5",
      "resolved": "https://registry.npmjs.org/@ast-grep/setup-lang/-/setup-lang-0.0.5.tgz",
      "integrity": "sha512-DQdS6xaNtkqbrw6vblY2vOzfYCIj12261IE0e9pG3lx5ll+hFaXH+01UXXPkhMVHX6AGMrwVCzawEmFmko/DIQ==",
      "license": "ISC",
      "optional": true
    },
    "node_modules/@ast-grep/lang-yaml": {
      "version": "0.0.5",
      "resolved": "https://registry.npmjs.org/@ast-grep/lang-yaml/-/lang-yaml-0.0.5.tgz",
      "integrity": "sha512-IpApEjdDQ/bdZZQGwq+PIT9LwvPS+wSVmaA0v78StKbPN18JWE4fHGJyZgytKMmFGt4ihxEiDYZSdFAr5BjBTQ==",
      "hasInstallScript": true,
      "license": "ISC",
      "optional": true,
      "dependencies": {
        "@ast-grep/setup-lang": "0.0.6"
      },
      "peerDependencies": {
        "tree-sitter-cli": "0.25.8"
      },
      "peerDependenciesMeta": {
        "tree-sitter-cli": {
          "optional": true
        }
      }
    },
    "node_modules/@ast-grep/napi": {
      "version": "0.39.9",
      "resolved": "https://registry.npmjs.org/@ast-grep/napi/-/napi-0.39.9.tgz",
      "integrity": "sha512-qtLLQq1a3isK0iaq0Drl7Qt4PqeyjTrpFxNdA/20O/jYkGiA/oJA8DLMn1bzczsfjlUohe4dg39bpeAqG02uvA==",
      "license": "MIT",
      "engines": {
        "node": ">= 10"
      },
      "optionalDependencies": {
        "@ast-grep/napi-darwin-arm64": "0.39.9",
        "@ast-grep/napi-darwin-x64": "0.39.9",
        "@ast-grep/napi-linux-arm64-gnu": "0.39.9",
        "@ast-grep/napi-linux-arm64-musl": "0.39.9",
        "@ast-grep/napi-linux-x64-gnu": "0.39.9",
        "@ast-grep/napi-linux-x64-musl": "0.39.9",
        "@ast-grep/napi-win32-arm64-msvc": "0.39.9",
        "@ast-grep/napi-win32-ia32-msvc": "0.39.9",
        "@ast-grep/napi-win32-x64-msvc": "0.39.9"
      }
    },
    "node_modules/@ast-grep/napi-darwin-arm64": {
      "version": "0.39.9",
      "resolved": "https://registry.npmjs.org/@ast-grep/napi-darwin-arm64/-/napi-darwin-arm64-0.39.9.tgz",
      "integrity": "sha512-0gdBC2oPBkIBsh89yUXxJeK37QYRbp1qNZVuRGizT666ljgCw+2NIxHeQGNjwWuI0+g3exrd8FyqD3gMixRx3w==",
      "cpu": [
        "arm64"
      ],
      "license": "MIT",
      "optional": true,
      "os": [
        "darwin"
      ],
      "engines": {
        "node": ">= 10"
      }
    },
    "node_modules/@ast-grep/napi-darwin-x64": {
      "version": "0.39.9",
      "resolved": "https://registry.npmjs.org/@ast-grep/napi-darwin-x64/-/napi-darwin-x64-0.39.9.tgz",
      "integrity": "sha512-7QuQNFwcVj71hDAMBErF+mVq2h92vUdHLKa/vq58HdRpix5G3DZqcTKoFjwhCNzc2wsNRAjV+BiIR01znQSxLA==",
      "cpu": [
        "x64"
      ],
      "license": "MIT",
      "optional": true,
      "os": [
        "darwin"
      ],
      "engines": {
        "node": ">= 10"
      }
    },
    "node_modules/@ast-grep/napi-linux-arm64-gnu": {
      "version": "0.39.9",
      "resolved": "https://registry.npmjs.org/@ast-grep/napi-linux-arm64-gnu/-/napi-linux-arm64-gnu-0.39.9.tgz",
      "integrity": "sha512-qXTjhagRYkPyHNACEzGi5q26OMRdSvLRRqi799oZaSDf96Xj+8tcB5+tFlH0NpqaP84GsZoQ15SfDXeoP4qdmQ==",
      "cpu": [
        "arm64"
      ],
      "libc": [
        "glibc"
      ],
      "license": "MIT",
      "optional": true,
      "os": [
        "linux"
      ],
      "engines": {
        "node": ">= 10"
      }
    },
    "node_modules/@ast-grep/napi-linux-arm64-musl": {
      "version": "0.39.9",
      "resolved": "https://registry.npmjs.org/@ast-grep/napi-linux-arm64-musl/-/napi-linux-arm64-musl-0.39.9.tgz",
      "integrity": "sha512-U9KVohyburVGEWiiREFq+iTxdMdSbRyXL+yzCVvGPmLPW4Ca4zpX9Cret4jCJBp8dljSIK0C7txXAc7fM+6rag==",
      "cpu": [
        "arm64"
      ],
      "libc": [
        "musl"
      ],
      "license": "MIT",
      "optional": true,
      "os": [
        "linux"
      ],
      "engines": {
        "node": ">= 10"
      }
    },
    "node_modules/@ast-grep/napi-linux-x64-gnu": {
      "version": "0.39.9",
      "resolved": "https://registry.npmjs.org/@ast-grep/napi-linux-x64-gnu/-/napi-linux-x64-gnu-0.39.9.tgz",
      "integrity": "sha512-C5WwiNr/eE7lS0vl9bNdSXrsGIUAga2SaqV3G+ogVl9HeRU2jtGhv+3AgzGvYWj+PtnbtuZ2Nxkm10gEVPhv1A==",
      "cpu": [
        "x64"
      ],
      "libc": [
        "glibc"
      ],
      "license": "MIT",
      "optional": true,
      "os": [
        "linux"
      ],
      "engines": {
        "node": ">= 10"
      }
    },
    "node_modules/@ast-grep/napi-linux-x64-musl": {
      "version": "0.39.9",
      "resolved": "https://registry.npmjs.org/@ast-grep/napi-linux-x64-musl/-/napi-linux-x64-musl-0.39.9.tgz",
      "integrity": "sha512-KutzZSMhHP3P43nQ+kNSbuiDaqkCcdqOcXLnq28MRvS+qwvW+01dJ8eWRlpMJC9vCJmaJAZfI7xkNSp74WkdxA==",
      "cpu": [
        "x64"
      ],
      "libc": [
        "musl"
      ],
      "license": "MIT",
      "optional": true,
      "os": [
        "linux"
      ],
      "engines": {
        "node": ">= 10"
      }
    },
    "node_modules/@ast-grep/napi-win32-arm64-msvc": {
      "version": "0.39.9",
      "resolved": "https://registry.npmjs.org/@ast-grep/napi-win32-arm64-msvc/-/napi-win32-arm64-msvc-0.39.9.tgz",
      "integrity": "sha512-S2kC6K9I7e70oMVn2FDICzVlz7SPZVWNCRKCBD+Dgy1OTn0byzmMLaGpjth3pqN93UCssEC03ooP3tuclS0JSA==",
      "cpu": [
        "arm64"
      ],
      "license": "MIT",
      "optional": true,
      "os": [
        "win32"
      ],
      "engines": {
        "node": ">= 10"
      }
    },
    "node_modules/@ast-grep/napi-win32-ia32-msvc": {
      "version": "0.39.9",
      "resolved": "https://registry.npmjs.org/@ast-grep/napi-win32-ia32-msvc/-/napi-win32-ia32-msvc-0.39.9.tgz",
      "integrity": "sha512-n18Dqtc7O5q8ZM9gBNkvLd+ajdjLNraw4ZoIcHelI7TnTvh1m6zR3tUuHNxPhL+IJfdKx3ne7ATKlEeiSlMn4g==",
      "cpu": [
        "ia32"
      ],
      "license": "MIT",
      "optional": true,
      "os": [
        "win32"
      ],
      "engines": {
        "node": ">= 10"
      }
    },
    "node_modules/@ast-grep/napi-win32-x64-msvc": {
      "version": "0.39.9",
      "resolved": "https://registry.npmjs.org/@ast-grep/napi-win32-x64-msvc/-/napi-win32-x64-msvc-0.39.9.tgz",
      "integrity": "sha512-YOF7mO+6nvyRtMC179u82Vr1qIGOmoE1yjwr4cmAf7DVNd+vs42y9tbQGYwLmVY8M3Hg1PviB8XX7FQKewuOGQ==",
      "cpu": [
        "x64"
      ],
      "license": "MIT",
      "optional": true,
      "os": [
        "win32"
      ],
      "engines": {
        "node": ">= 10"
      }
    },
    "node_modules/@ast-grep/setup-lang": {
      "version": "0.0.6",
      "resolved": "https://registry.npmjs.org/@ast-grep/setup-lang/-/setup-lang-0.0.6.tgz",
      "integrity": "sha512-aSYZNF5nGQMxnwiA3Lcc8zi0AtpGlug47ADgqCgP/2n7p922FbnW7vo1rbW4kKjW72B/3mDdN7uvYidv8JnPnw==",
      "license": "ISC",
      "optional": true
    },
    "node_modules/@ephraimduncan/omp-tools-core": {
      "resolved": "packages/omp-tools-core",
      "link": true
    },
    "node_modules/@ephraimduncan/pi-ast-edit": {
      "resolved": "packages/pi-ast-edit",
      "link": true
    },
    "node_modules/@ephraimduncan/pi-ast-grep": {
      "resolved": "packages/pi-ast-grep",
      "link": true
    },
    "node_modules/@ephraimduncan/pi-find": {
      "resolved": "packages/pi-find",
      "link": true
    },
    "node_modules/@ephraimduncan/pi-hashline-edit": {
      "resolved": "packages/pi-hashline-edit",
      "link": true
    },
    "node_modules/@ephraimduncan/pi-read": {
      "resolved": "packages/pi-read",
      "link": true
    },
    "node_modules/@ephraimduncan/pi-search": {
      "resolved": "packages/pi-search",
      "link": true
    },
    "node_modules/@ephraimduncan/pi-write": {
      "resolved": "packages/pi-write",
      "link": true
    },
    "node_modules/@types/node": {
      "version": "24.13.3",
      "resolved": "https://registry.npmjs.org/@types/node/-/node-24.13.3.tgz",
      "integrity": "sha512-Dh8vAsV36ig5wa9OX4pXvMc9D3Veibfw2wix0CUwYODLD8nkj9UsLjASr49nPg+2eKzxhBV+v7L8pXvT4e639Q==",
      "dev": true,
      "license": "MIT",
      "dependencies": {
        "undici-types": "~7.18.0"
      }
    },
    "node_modules/diff": {
      "version": "9.0.0",
      "resolved": "https://registry.npmjs.org/diff/-/diff-9.0.0.tgz",
      "integrity": "sha512-svtcdpS8CgJyqAjEQIXdb3OjhFVVYjzGAPO8WGCmRbrml64SPw/jJD4GoE98aR7r25A0XcgrK3F02yw9R/vhQw==",
      "license": "BSD-3-Clause",
      "engines": {
        "node": ">=0.3.1"
      }
    },
    "node_modules/fdir": {
      "version": "6.5.0",
      "resolved": "https://registry.npmjs.org/fdir/-/fdir-6.5.0.tgz",
      "integrity": "sha512-tIbYtZbucOs0BRGqPJkshJUYdL+SDH7dVM8gjy+ERp3WAUjLEFJE+02kanyHtwjWOnwrKYBiwAmM0p4kLJAnXg==",
      "license": "MIT",
      "engines": {
        "node": ">=12.0.0"
      },
      "peerDependencies": {
        "picomatch": "^3 || ^4"
      },
      "peerDependenciesMeta": {
        "picomatch": {
          "optional": true
        }
      }
    },
    "node_modules/picomatch": {
      "version": "4.0.5",
      "resolved": "https://registry.npmjs.org/picomatch/-/picomatch-4.0.5.tgz",
      "integrity": "sha512-RvwwcruNjI1ncT5xRakeyS9Lf8lcItv34KD+aif+VH9kduAyfYBipGh12274xtenIPZ119/R9BdTBa8gAwSh0A==",
      "license": "MIT",
      "engines": {
        "node": ">=12"
      },
      "funding": {
        "url": "https://github.com/sponsors/jonschlinkert"
      }
    },
    "node_modules/tinyglobby": {
      "version": "0.2.17",
      "resolved": "https://registry.npmjs.org/tinyglobby/-/tinyglobby-0.2.17.tgz",
      "integrity": "sha512-wXR/dYpcqKmfWpEdZjiKJOwCNFndD0DMnrW/cYjVGttEkBfVgcLFHoNrlj47mjOVic9yyNu65alsgF4NQyTa2g==",
      "license": "MIT",
      "dependencies": {
        "fdir": "^6.5.0",
        "picomatch": "^4.0.4"
      },
      "engines": {
        "node": ">=12.0.0"
      },
      "funding": {
        "url": "https://github.com/sponsors/SuperchupuDev"
      }
    },
    "node_modules/typebox": {
      "version": "1.3.11",
      "resolved": "https://registry.npmjs.org/typebox/-/typebox-1.3.11.tgz",
      "integrity": "sha512-tZGKIS02Opbh4EYMmAEVuXl+y3EQJ9ZlkitLZ1CmFCY4ZOqr/xWR9dDSCFmIjNDICGMWkOqMh6WxGTyRXqcSGQ==",
      "license": "MIT"
    },
    "node_modules/typescript": {
      "version": "5.9.3",
      "resolved": "https://registry.npmjs.org/typescript/-/typescript-5.9.3.tgz",
      "integrity": "sha512-jl1vZzPDinLr9eUt3J/t7V6FgNEw9QjvBPdysz9KfQDD41fQrC2Y4vKQdiaUpFT4bXlb1RHhLpp8wtm6M5TgSw==",
      "dev": true,
      "license": "Apache-2.0",
      "bin": {
        "tsc": "bin/tsc",
        "tsserver": "bin/tsserver"
      },
      "engines": {
        "node": ">=14.17"
      }
    },
    "node_modules/undici-types": {
      "version": "7.18.2",
      "resolved": "https://registry.npmjs.org/undici-types/-/undici-types-7.18.2.tgz",
      "integrity": "sha512-AsuCzffGHJybSaRrmr5eHr81mwJU3kjw6M+uprWvCXiNeN9SOGwQ3Jn8jb8m3Z6izVgknn1R0FTCEAP2QrLY/w==",
      "dev": true,
      "license": "MIT"
    },
    "packages/omp-tools-core": {
      "name": "@ephraimduncan/omp-tools-core",
      "version": "0.1.0",
      "license": "MIT",
      "dependencies": {
        "@ast-grep/napi": "^0.39.6",
        "diff": "^9.0.0",
        "tinyglobby": "^0.2.15",
        "typebox": "^1.1.24"
      },
      "engines": {
        "node": ">=20.0.0"
      },
      "optionalDependencies": {
        "@ast-grep/lang-c": "^0.0.5",
        "@ast-grep/lang-cpp": "^0.0.5",
        "@ast-grep/lang-go": "^0.0.5",
        "@ast-grep/lang-java": "^0.0.5",
        "@ast-grep/lang-json": "^0.0.5",
        "@ast-grep/lang-python": "^0.0.5",
        "@ast-grep/lang-rust": "^0.0.5",
        "@ast-grep/lang-yaml": "^0.0.5"
      }
    },
    "packages/pi-ast-edit": {
      "name": "@ephraimduncan/pi-ast-edit",
      "version": "0.1.0",
      "license": "MIT",
      "dependencies": {
        "@ephraimduncan/omp-tools-core": "^0.1.0"
      },
      "engines": {
        "node": ">=20.0.0"
      }
    },
    "packages/pi-ast-grep": {
      "name": "@ephraimduncan/pi-ast-grep",
      "version": "0.1.0",
      "license": "MIT",
      "dependencies": {
        "@ephraimduncan/omp-tools-core": "^0.1.0"
      },
      "engines": {
        "node": ">=20.0.0"
      }
    },
    "packages/pi-find": {
      "name": "@ephraimduncan/pi-find",
      "version": "0.1.0",
      "license": "MIT",
      "dependencies": {
        "@ephraimduncan/omp-tools-core": "^0.1.0"
      },
      "engines": {
        "node": ">=20.0.0"
      }
    },
    "packages/pi-hashline-edit": {
      "name": "@ephraimduncan/pi-hashline-edit",
      "version": "0.1.0",
      "license": "MIT",
      "dependencies": {
        "@ephraimduncan/omp-tools-core": "^0.1.0"
      },
      "engines": {
        "node": ">=20.0.0"
      }
    },
    "packages/pi-read": {
      "name": "@ephraimduncan/pi-read",
      "version": "0.1.0",
      "license": "MIT",
      "dependencies": {
        "@ephraimduncan/omp-tools-core": "^0.1.0"
      },
      "engines": {
        "node": ">=20.0.0"
      }
    },
    "packages/pi-search": {
      "name": "@ephraimduncan/pi-search",
      "version": "0.1.0",
      "license": "MIT",
      "dependencies": {
        "@ephraimduncan/omp-tools-core": "^0.1.0"
      },
      "engines": {
        "node": ">=20.0.0"
      }
    },
    "packages/pi-write": {
      "name": "@ephraimduncan/pi-write",
      "version": "0.1.0",
      "license": "MIT",
      "dependencies": {
        "@ephraimduncan/omp-tools-core": "^0.1.0"
      },
      "engines": {
        "node": ">=20.0.0"
      }
    }
  }
}
